// !$*UTF8*$!
{
	archiveVersion = 1;
	classes = {
	};
	objectVersion = 50;
	objects = {

/* Begin PBXBuildFile section */
		2161157F20F6732E00021F26 /* AppDelegate.swift in Sources */ = {isa = PBXBuildFile; fileRef = 2161157E20F6732E00021F26 /* AppDelegate.swift */; };
		2161158120F6732E00021F26 /* ViewController.swift in Sources */ = {isa = PBXBuildFile; fileRef = 2161158020F6732E00021F26 /* ViewController.swift */; };
		2161158420F6732E00021F26 /* Main.storyboard in Resources */ = {isa = PBXBuildFile; fileRef = 2161158220F6732E00021F26 /* Main.storyboard */; };
		2161158720F6732E00021F26 /* Every_Do_part_2.xcdatamodeld in Sources */ = {isa = PBXBuildFile; fileRef = 2161158520F6732E00021F26 /* Every_Do_part_2.xcdatamodeld */; };
		2161158920F6733500021F26 /* Assets.xcassets in Resources */ = {isa = PBXBuildFile; fileRef = 2161158820F6733500021F26 /* Assets.xcassets */; };
		2161158C20F6733500021F26 /* LaunchScreen.storyboard in Resources */ = {isa = PBXBuildFile; fileRef = 2161158A20F6733500021F26 /* LaunchScreen.storyboard */; };
		2161159420F67ABB00021F26 /* DataManager.swift in Sources */ = {isa = PBXBuildFile; fileRef = 2161159320F67ABB00021F26 /* DataManager.swift */; };
		2161159620F6903C00021F26 /* AddViewController.swift in Sources */ = {isa = PBXBuildFile; fileRef = 2161159520F6903C00021F26 /* AddViewController.swift */; };
/* End PBXBuildFile section */

/* Begin PBXFileReference section */
		2161157B20F6732E00021F26 /* Every.Do part 2.app */ = {isa = PBXFileReference; explicitFileType = wrapper.application; includeInIndex = 0; path = "Every.Do part 2.app"; sourceTree = BUILT_PRODUCTS_DIR; };
		2161157E20F6732E00021F26 /* AppDelegate.swift */ = {isa = PBXFileReference; lastKnownFileType = sourcecode.swift; path = AppDelegate.swift; sourceTree = "<group>"; };
		2161158020F6732E00021F26 /* ViewController.swift */ = {isa = PBXFileReference; lastKnownFileType = sourcecode.swift; path = ViewController.swift; sourceTree = "<group>"; };
		2161158320F6732E00021F26 /* Base */ = {isa = PBXFileReference; lastKnownFileType = file.storyboard; name = Base; path = Base.lproj/Main.storyboard; sourceTree = "<group>"; };
		2161158620F6732E00021F26 /* Every_Do_part_2.xcdatamodel */ = {isa = PBXFileReference; lastKnownFileType = wrapper.xcdatamodel; path = Every_Do_part_2.xcdatamodel; sourceTree = "<group>"; };
		2161158820F6733500021F26 /* Assets.xcassets */ = {isa = PBXFileReference; lastKnownFileType = folder.assetcatalog; path = Assets.xcassets; sourceTree = "<group>"; };
		2161158B20F6733500021F26 /* Base */ = {isa = PBXFileReference; lastKnownFileType = file.storyboard; name = Base; path = Base.lproj/LaunchScreen.storyboard; sourceTree = "<group>"; };
		2161158D20F6733500021F26 /* Info.plist */ = {isa = PBXFileReference; lastKnownFileType = text.plist.xml; path = Info.plist; sourceTree = "<group>"; };
		2161159320F67ABB00021F26 /* DataManager.swift */ = {isa = PBXFileReference; lastKnownFileType = sourcecode.swift; path = DataManager.swift; sourceTree = "<group>"; };
		2161159520F6903C00021F26 /* AddViewController.swift */ = {isa = PBXFileReference; lastKnownFileType = sourcecode.swift; path = AddViewController.swift; sourceTree = "<group>"; };
/* End PBXFileReference section */

/* Begin PBXFrameworksBuildPhase section */
		2161157820F6732E00021F26 /* Frameworks */ = {
			isa = PBXFrameworksBuildPhase;
			buildActionMask = 2147483647;
			files = (
			);
			runOnlyForDeploymentPostprocessing = 0;
		};
/* End PBXFrameworksBuildPhase section */

/* Begin PBXGroup section */
		2161157220F6732E00021F26 = {
			isa = PBXGroup;
			children = (
				2161157D20F6732E00021F26 /* Every.Do part 2 */,
				2161157C20F6732E00021F26 /* Products */,
			);
			sourceTree = "<group>";
		};
		2161157C20F6732E00021F26 /* Products */ = {
			isa = PBXGroup;
			children = (
				2161157B20F6732E00021F26 /* Every.Do part 2.app */,
			);
			name = Products;
			sourceTree = "<group>";
		};
		2161157D20F6732E00021F26 /* Every.Do part 2 */ = {
			isa = PBXGroup;
			children = (
				2161157E20F6732E00021F26 /* AppDelegate.swift */,
				2161159320F67ABB00021F26 /* DataManager.swift */,
				2161158020F6732E00021F26 /* ViewController.swift */,
				2161158220F6732E00021F26 /* Main.storyboard */,
				2161159520F6903C00021F26 /* AddViewController.swift */,
				2161158820F6733500021F26 /* Assets.xcassets */,
				2161158A20F6733500021F26 /* LaunchScreen.storyboard */,
				2161158D20F6733500021F26 /* Info.plist */,
				2161158520F6732E00021F26 /* Every_Do_part_2.xcdatamodeld */,
			);
			path = "Every.Do part 2";
			sourceTree = "<group>";
		};
/* End PBXGroup section */

/* Begin PBXNativeTarget section */
		2161157A20F6732E00021F26 /* Every.Do part 2 */ = {
			isa = PBXNativeTarget;
			buildConfigurationList = 2161159020F6733500021F26 /* Build configuration list for PBXNativeTarget "Every.Do part 2" */;
			buildPhases = (
				2161157720F6732E00021F26 /* Sources */,
				2161157820F6732E00021F26 /* Frameworks */,
				2161157920F6732E00021F26 /* Resources */,
			);
			buildRules = (
			);
			dependencies = (
			);
			name = "Every.Do part 2";
			productName = "Every.Do part 2";
			productReference = 2161157B20F6732E00021F26 /* Every.Do part 2.app */;
			productType = "com.apple.product-type.application";
		};
/* End PBXNativeTarget section */

/* Begin PBXProject section */
		2161157320F6732E00021F26 /* Project object */ = {
			isa = PBXProject;
			attributes = {
				LastSwiftUpdateCheck = 0940;
				LastUpgradeCheck = 0940;
				ORGANIZATIONNAME = "Will Chew";
				TargetAttributes = {
					2161157A20F6732E00021F26 = {
						CreatedOnToolsVersion = 9.4.1;
					};
				};
			};
			buildConfigurationList = 2161157620F6732E00021F26 /* Build configuration list for PBXProject "Every.Do part 2" */;
			compatibilityVersion = "Xcode 9.3";
			developmentRegion = en;
			hasScannedForEncodings = 0;
			knownRegions = (
				en,
				Base,
			);
			mainGroup = 2161157220F6732E00021F26;
			productRefGroup = 2161157C20F6732E00021F26 /* Products */;
			projectDirPath = "";
			projectRoot = "";
			targets = (
				2161157A20F6732E00021F26 /* Every.Do part 2 */,
			);
		};
/* End PBXProject section */

/* Begin PBXResourcesBuildPhase section */
		2161157920F6732E00021F26 /* Resources */ = {
			isa = PBXResourcesBuildPhase;
			buildActionMask = 2147483647;
			files = (
				2161158C20F6733500021F26 /* LaunchScreen.storyboard in Resources */,
				2161158920F6733500021F26 /* Assets.xcassets in Resources */,
				2161158420F6732E00021F26 /* Main.storyboard in Resources */,
			);
			runOnlyForDeploymentPostprocessing = 0;
		};
/* End PBXResourcesBuildPhase section */

/* Begin PBXSourcesBuildPhase section */
		2161157720F6732E00021F26 /* Sources */ = {
			isa = PBXSourcesBuildPhase;
			buildActionMask = 2147483647;
			files = (
				2161159620F6903C00021F26 /* AddViewController.swift in Sources */,
				2161158720F6732E00021F26 /* Every_Do_part_2.xcdatamodeld in Sources */,
				2161159420F67ABB00021F26 /* DataManager.swift in Sources */,
				2161158120F6732E00021F26 /* ViewController.swift in Sources */,
				2161157F20F6732E00021F26 /* AppDelegate.swift in Sources */,
			);
			runOnlyForDeploymentPostprocessing = 0;
		};
/* End PBXSourcesBuildPhase section */

/* Begin PBXVariantGroup section */
		2161158220F6732E00021F26 /* Main.storyboard */ = {
			isa = PBXVariantGroup;
			children = (
				2161158320F6732E00021F26 /* Base */,
			);
			name = Main.storyboard;
			sourceTree = "<group>";
		};
		2161158A20F6733500021F26 /* LaunchScreen.storyboard */ = {
			isa = PBXVariantGroup;
			children = (
				2161158B20F6733500021F26 /* Base */,
			);
			name = LaunchScreen.storyboard;
			sourceTree = "<group>";
		};
/* End PBXVariantGroup section */

/* Begin XCBuildConfiguration section */
		2161158E20F6733500021F26 /* Debug */ = {
			isa = XCBuildConfiguration;
			buildSettings = {
				ALWAYS_SEARCH_USER_PATHS = NO;
				CLANG_ANALYZER_NONNULL = YES;
				CLANG_ANALYZER_NUMBER_OBJECT_CONVERSION = YES_AGGRESSIVE;
				CLANG_CXX_LANGUAGE_STANDARD = "gnu++14";
				CLANG_CXX_LIBRARY = "libc++";
				CLANG_ENABLE_MODULES = YES;
				CLANG_ENABLE_OBJC_ARC = YES;
				CLANG_ENABLE_OBJC_WEAK = YES;
				CLANG_WARN_BLOCK_CAPTURE_AUTORELEASING = YES;
				CLANG_WARN_BOOL_CONVERSION = YES;
				CLANG_WARN_COMMA = YES;
				CLANG_WARN_CONSTANT_CONVERSION = YES;
				CLANG_WARN_DEPRECATED_OBJC_IMPLEMENTATIONS = YES;
				CLANG_WARN_DIRECT_OBJC_ISA_USAGE = YES_ERROR;
				CLANG_WARN_DOCUMENTATION_COMMENTS = YES;
				CLANG_WARN_EMPTY_BODY = YES;
				CLANG_WARN_ENUM_CONVERSION = YES;
				CLANG_WARN_INFINITE_RECURSION = YES;
				CLANG_WARN_INT_CONVERSION = YES;
				CLANG_WARN_NON_LITERAL_NULL_CONVERSION = YES;
				CLANG_WARN_OBJC_IMPLICIT_RETAIN_SELF = YES;
				CLANG_WARN_OBJC_LITERAL_CONVERSION = YES;
				CLANG_WARN_OBJC_ROOT_CLASS = YES_ERROR;
				CLANG_WARN_RANGE_LOOP_ANALYSIS = YES;
				CLANG_WARN_STRICT_PROTOTYPES = YES;
				CLANG_WARN_SUSPICIOUS_MOVE = YES;
				CLANG_WARN_UNGUARDED_AVAILABILITY = YES_AGGRESSIVE;
				CLANG_WARN_UNREACHABLE_CODE = YES;
				CLANG_WARN__DUPLICATE_METHOD_MATCH = YES;
				CODE_SIGN_IDENTITY = "iPhone Developer";
				COPY_PHASE_STRIP = NO;
				DEBUG_INFORMATION_FORMAT = dwarf;
				ENABLE_STRICT_OBJC_MSGSEND = YES;
				ENABLE_TESTABILITY = YES;
				GCC_C_LANGUAGE_STANDARD = gnu11;
				GCC_DYNAMIC_NO_PIC = NO;
				GCC_NO_COMMON_BLOCKS = YES;
				GCC_OPTIMIZATION_LEVEL = 0;
				GCC_PREPROCESSOR_DEFINITIONS = (
					"DEBUG=1",
					"$(inherited)",
				);
				GCC_WARN_64_TO_32_BIT_CONVERSION = YES;
				GCC_WARN_ABOUT_RETURN_TYPE = YES_ERROR;
				GCC_WARN_UNDECLARED_SELECTOR = YES;
				GCC_WARN_UNINITIALIZED_AUTOS = YES_AGGRESSIVE;
				GCC_WARN_UNUSED_FUNCTION = YES;
				GCC_WARN_UNUSED_VARIABLE = YES;
				IPHONEOS_DEPLOYMENT_TARGET = 11.4;
				MTL_ENABLE_DEBUG_INFO = YES;
				ONLY_ACTIVE_ARCH = YES;
				SDKROOT = iphoneos;
				SWIFT_ACTIVE_COMPILATION_CONDITIONS = DEBUG;
				SWIFT_OPTIMIZATION_LEVEL = "-Onone";
			};
			name = Debug;
		};
		2161158F20F6733500021F26 /* Release */ = {
			isa = XCBuildConfiguration;
			buildSettings = {
				ALWAYS_SEARCH_USER_PATHS = NO;
				CLANG_ANALYZER_NONNULL = YES;
				CLANG_ANALYZER_NUMBER_OBJECT_CONVERSION = YES_AGGRESSIVE;
				CLANG_CXX_LANGUAGE_STANDARD = "gnu++14";
				CLANG_CXX_LIBRARY = "libc++";
				CLANG_ENABLE_MODULES = YES;
				CLANG_ENABLE_OBJC_ARC = YES;
				CLANG_ENABLE_OBJC_WEAK = YES;
				CLANG_WARN_BLOCK_CAPTURE_AUTORELEASING = YES;
				CLANG_WARN_BOOL_CONVERSION = YES;
				CLANG_WARN_COMMA = YES;
				CLANG_WARN_CONSTANT_CONVERSION = YES;
				CLANG_WARN_DEPRECATED_OBJC_IMPLEMENTATIONS = YES;
				CLANG_WARN_DIRECT_OBJC_ISA_USAGE = YES_ERROR;
				CLANG_WARN_DOCUMENTATION_COMMENTS = YES;
				CLANG_WARN_EMPTY_BODY = YES;
				CLANG_WARN_ENUM_CONVERSION = YES;
				CLANG_WARN_INFINITE_RECURSION = YES;
				CLANG_WARN_INT_CONVERSION = YES;
				CLANG_WARN_NON_LITERAL_NULL_CONVERSION = YES;
				CLANG_WARN_OBJC_IMPLICIT_RETAIN_SELF = YES;
				CLANG_WARN_OBJC_LITERAL_CONVERSION = YES;
				CLANG_WARN_OBJC_ROOT_CLASS = YES_ERROR;
				CLANG_WARN_RANGE_LOOP_ANALYSIS = YES;
				CLANG_WARN_STRICT_PROTOTYPES = YES;
				CLANG_WARN_SUSPICIOUS_MOVE = YES;
				CLANG_WARN_UNGUARDED_AVAILABILITY = YES_AGGRESSIVE;
				CLANG_WARN_UNREACHABLE_CODE = YES;
				CLANG_WARN__DUPLICATE_METHOD_MATCH = YES;
				CODE_SIGN_IDENTITY = "iPhone Developer";
				COPY_PHASE_STRIP = NO;
				DEBUG_INFORMATION_FORMAT = "dwarf-with-dsym";
				ENABLE_NS_ASSERTIONS = NO;
				ENABLE_STRICT_OBJC_MSGSEND = YES;
				GCC_C_LANGUAGE_STANDARD = gnu11;
				GCC_NO_COMMON_BLOCKS = YES;
				GCC_WARN_64_TO_32_BIT_CONVERSION = YES;
				GCC_WARN_ABOUT_RETURN_TYPE = YES_ERROR;
				GCC_WARN_UNDECLARED_SELECTOR = YES;
				GCC_WARN_UNINITIALIZED_AUTOS = YES_AGGRESSIVE;
				GCC_WARN_UNUSED_FUNCTION = YES;
				GCC_WARN_UNUSED_VARIABLE = YES;
				IPHONEOS_DEPLOYMENT_TARGET = 11.4;
				MTL_ENABLE_DEBUG_INFO = NO;
				SDKROOT = iphoneos;
				SWIFT_COMPILATION_MODE = wholemodule;
				SWIFT_OPTIMIZATION_LEVEL = "-O";
				VALIDATE_PRODUCT = YES;
			};
			name = Release;
		};
		2161159120F6733500021F26 /* Debug */ = {
			isa = XCBuildConfiguration;
			buildSettings = {
				ASSETCATALOG_COMPILER_APPICON_NAME = AppIcon;
				CODE_SIGN_STYLE = Automatic;
				DEVELOPMENT_TEAM = 475GYSBZB3;
				INFOPLIST_FILE = "Every.Do part 2/Info.plist";
				LD_RUNPATH_SEARCH_PATHS = (
					"$(inherited)",
					"@executable_path/Frameworks",
				);
				PRODUCT_BUNDLE_IDENTIFIER = "com.williamchew.Every-Do-part-2";
				PRODUCT_NAME = "$(TARGET_NAME)";
				SWIFT_VERSION = 4.0;
				TARGETED_DEVICE_FAMILY = "1,2";
			};
			name = Debug;
		};
		2161159220F6733500021F26 /* Release */ = {
			isa = XCBuildConfiguration;
			buildSettings = {
				ASSETCATALOG_COMPILER_APPICON_NAME = AppIcon;
				CODE_SIGN_STYLE = Automatic;
				DEVELOPMENT_TEAM = 475GYSBZB3;
				INFOPLIST_FILE = "Every.Do part 2/Info.plist";
				LD_RUNPATH_SEARCH_PATHS = (
					"$(inherited)",
					"@executable_path/Frameworks",
				);
				PRODUCT_BUNDLE_IDENTIFIER = "com.williamchew.Every-Do-part-2";
				PRODUCT_NAME = "$(TARGET_NAME)";
				SWIFT_VERSION = 4.0;
				TARGETED_DEVICE_FAMILY = "1,2";
			};
			name = Release;
		};
/* End XCBuildConfiguration section */

/* Begin XCConfigurationList section */
		2161157620F6732E00021F26 /* Build configuration list for PBXProject "Every.Do part 2" */ = {
			isa = XCConfigurationList;
			buildConfigurations = (
				2161158E20F6733500021F26 /* Debug */,
				2161158F20F6733500021F26 /* Release */,
			);
			defaultConfigurationIsVisible = 0;
			defaultConfigurationName = Release;
		};
		2161159020F6733500021F26 /* Build configuration list for PBXNativeTarget "Every.Do part 2" */ = {
			isa = XCConfigurationList;
			buildConfigurations = (
				2161159120F6733500021F26 /* Debug */,
				2161159220F6733500021F26 /* Release */,
			);
			defaultConfigurationIsVisible = 0;
			defaultConfigurationName = Release;
		};
/* End XCConfigurationList section */

/* Begin XCVersionGroup section */
		2161158520F6732E00021F26 /* Every_Do_part_2.xcdatamodeld */ = {
			isa = XCVersionGroup;
			children = (
				2161158620F6732E00021F26 /* Every_Do_part_2.xcdatamodel */,
			);
			currentVersion = 2161158620F6732E00021F26 /* Every_Do_part_2.xcdatamodel */;
			path = Every_Do_part_2.xcdatamodeld;
			sourceTree = "<group>";
			versionGroupType = wrapper.xcdatamodel;
		};
/* End XCVersionGroup section */
	};
	rootObject = 2161157320F6732E00021F26 /* Project object */;
}
